name: UnlockDynamoDBtable

on:
  workflow_dispatch:

permissions:
  contents: read
  id-token: write

jobs:
  terraform:
    runs-on: ubuntu-latest

    steps:
    - name: Checkout Code
      uses: actions/checkout@v3     

    - name: Configure AWS Credentials
      uses: aws-actions/configure-aws-credentials@v2
      with:
        role-to-assume: ${{ secrets.AWS_ROLE_ARN }}
        aws-region: ${{ secrets.AWS_REGION }}

    - name: Setup Terraform
      uses: hashicorp/setup-terraform@v2
      with:
        terraform_version: 1.5.0


    - name: Check Lock
      run: |
          terraform force-unlock 495fa120-d923-c97b-ef85-c808ae618822 || echo "No lock found"

    - name: Terraform Init
      run: terraform init

    - name: Terraform Apply
      run: terraform apply -auto-approve
